// !$*UTF8*$!
{
	archiveVersion = 1;
	classes = {
	};
	objectVersion = 46;
	objects = {

/* Begin PBXBuildFile section */
		3662A74716B1E23A0087DA9B /* BuildInfo.m in Sources */ = {isa = PBXBuildFile; fileRef = 3662A74616B1E23A0087DA9B /* BuildInfo.m */; };
		3662A7A916B3AE8E0087DA9B /* UIKit.framework in Frameworks */ = {isa = PBXBuildFile; fileRef = 3682E21B16AEA20500F4A434 /* UIKit.framework */; };
		3662A7AA16B3AE8E0087DA9B /* Foundation.framework in Frameworks */ = {isa = PBXBuildFile; fileRef = 3682E21D16AEA20500F4A434 /* Foundation.framework */; };
		3662A7AB16B3AE8E0087DA9B /* CoreGraphics.framework in Frameworks */ = {isa = PBXBuildFile; fileRef = 3682E21F16AEA20500F4A434 /* CoreGraphics.framework */; };
		3662A7B116B3AE8F0087DA9B /* InfoPlist.strings in Resources */ = {isa = PBXBuildFile; fileRef = 3662A7AF16B3AE8F0087DA9B /* InfoPlist.strings */; };
		3662A7B316B3AE8F0087DA9B /* main.m in Sources */ = {isa = PBXBuildFile; fileRef = 3662A7B216B3AE8F0087DA9B /* main.m */; };
		3662A7B916B3AE8F0087DA9B /* Default.png in Resources */ = {isa = PBXBuildFile; fileRef = 3662A7B816B3AE8F0087DA9B /* Default.png */; };
		3662A7BB16B3AE8F0087DA9B /* Default@2x.png in Resources */ = {isa = PBXBuildFile; fileRef = 3662A7BA16B3AE8F0087DA9B /* Default@2x.png */; };
		3662A7BD16B3AE8F0087DA9B /* Default-568h@2x.png in Resources */ = {isa = PBXBuildFile; fileRef = 3662A7BC16B3AE8F0087DA9B /* Default-568h@2x.png */; };
		3662A7C316B3AEE30087DA9B /* GHUnitIOS.framework in Frameworks */ = {isa = PBXBuildFile; fileRef = 3662A7C216B3AEE30087DA9B /* GHUnitIOS.framework */; };
		3662A7C416B3AEE30087DA9B /* GHUnitIOS.framework in Frameworks */ = {isa = PBXBuildFile; fileRef = 3662A7C216B3AEE30087DA9B /* GHUnitIOS.framework */; };
		3662A7C616B3AF450087DA9B /* QuartzCore.framework in Frameworks */ = {isa = PBXBuildFile; fileRef = 3662A7C516B3AF450087DA9B /* QuartzCore.framework */; };
		3662A7DF16B3B8960087DA9B /* ParseResultAnalyserTest.m in Sources */ = {isa = PBXBuildFile; fileRef = 3662A7DE16B3B8960087DA9B /* ParseResultAnalyserTest.m */; };
		3662A7E316B3B8C40087DA9B /* ParseResultAnalyser.m in Sources */ = {isa = PBXBuildFile; fileRef = 3662A7E216B3B8C40087DA9B /* ParseResultAnalyser.m */; };
		3662A7E416B3B8C40087DA9B /* ParseResultAnalyser.m in Sources */ = {isa = PBXBuildFile; fileRef = 3662A7E216B3B8C40087DA9B /* ParseResultAnalyser.m */; };
		3676027B16B3BF3400E821BA /* BuildResultReader.m in Sources */ = {isa = PBXBuildFile; fileRef = 3682E24416AEA7D800F4A434 /* BuildResultReader.m */; };
		3676027D16B3BF3900E821BA /* AppDelegate.m in Sources */ = {isa = PBXBuildFile; fileRef = 3682E22B16AEA20500F4A434 /* AppDelegate.m */; };
		3676027E16B3BF3C00E821BA /* JenkinsViewController.m in Sources */ = {isa = PBXBuildFile; fileRef = 3682E23416AEA20500F4A434 /* JenkinsViewController.m */; };
		3676027F16B3BF3F00E821BA /* SettingViewController.m in Sources */ = {isa = PBXBuildFile; fileRef = 3682E23F16AEA26500F4A434 /* SettingViewController.m */; };
		3676028016B3BF4300E821BA /* BuildInfo.m in Sources */ = {isa = PBXBuildFile; fileRef = 3662A74616B1E23A0087DA9B /* BuildInfo.m */; };
		3682E21C16AEA20500F4A434 /* UIKit.framework in Frameworks */ = {isa = PBXBuildFile; fileRef = 3682E21B16AEA20500F4A434 /* UIKit.framework */; };
		3682E21E16AEA20500F4A434 /* Foundation.framework in Frameworks */ = {isa = PBXBuildFile; fileRef = 3682E21D16AEA20500F4A434 /* Foundation.framework */; };
		3682E22016AEA20500F4A434 /* CoreGraphics.framework in Frameworks */ = {isa = PBXBuildFile; fileRef = 3682E21F16AEA20500F4A434 /* CoreGraphics.framework */; };
		3682E22616AEA20500F4A434 /* InfoPlist.strings in Resources */ = {isa = PBXBuildFile; fileRef = 3682E22416AEA20500F4A434 /* InfoPlist.strings */; };
		3682E22816AEA20500F4A434 /* main.m in Sources */ = {isa = PBXBuildFile; fileRef = 3682E22716AEA20500F4A434 /* main.m */; };
		3682E22C16AEA20500F4A434 /* AppDelegate.m in Sources */ = {isa = PBXBuildFile; fileRef = 3682E22B16AEA20500F4A434 /* AppDelegate.m */; };
		3682E22E16AEA20500F4A434 /* Default.png in Resources */ = {isa = PBXBuildFile; fileRef = 3682E22D16AEA20500F4A434 /* Default.png */; };
		3682E23016AEA20500F4A434 /* Default@2x.png in Resources */ = {isa = PBXBuildFile; fileRef = 3682E22F16AEA20500F4A434 /* Default@2x.png */; };
		3682E23216AEA20500F4A434 /* Default-568h@2x.png in Resources */ = {isa = PBXBuildFile; fileRef = 3682E23116AEA20500F4A434 /* Default-568h@2x.png */; };
		3682E23516AEA20500F4A434 /* JenkinsViewController.m in Sources */ = {isa = PBXBuildFile; fileRef = 3682E23416AEA20500F4A434 /* JenkinsViewController.m */; };
		3682E23816AEA20500F4A434 /* JenkinsViewController.xib in Resources */ = {isa = PBXBuildFile; fileRef = 3682E23616AEA20500F4A434 /* JenkinsViewController.xib */; };
		3682E24116AEA26500F4A434 /* SettingViewController.m in Sources */ = {isa = PBXBuildFile; fileRef = 3682E23F16AEA26500F4A434 /* SettingViewController.m */; };
		3682E24216AEA26500F4A434 /* SettingViewController.xib in Resources */ = {isa = PBXBuildFile; fileRef = 3682E24016AEA26500F4A434 /* SettingViewController.xib */; };
		3682E24516AEA7D800F4A434 /* BuildResultReader.m in Sources */ = {isa = PBXBuildFile; fileRef = 3682E24416AEA7D800F4A434 /* BuildResultReader.m */; };
		3682E2B316AFF79500F4A434 /* RssReader.txt in Resources */ = {isa = PBXBuildFile; fileRef = 3682E2B216AFF79500F4A434 /* RssReader.txt */; };
		3682E2B516AFF7B300F4A434 /* memo.txt in Resources */ = {isa = PBXBuildFile; fileRef = 3682E2B416AFF7B300F4A434 /* memo.txt */; };
		3686FAB516B53F1600B92F7D /* AVFoundation.framework in Frameworks */ = {isa = PBXBuildFile; fileRef = 3686FAB416B53F1600B92F7D /* AVFoundation.framework */; };
		3686FAB616B53F1C00B92F7D /* AVFoundation.framework in Frameworks */ = {isa = PBXBuildFile; fileRef = 3686FAB416B53F1600B92F7D /* AVFoundation.framework */; };
		3686FAB816B5468B00B92F7D /* doraque_delete.mp3 in Resources */ = {isa = PBXBuildFile; fileRef = 3686FAB716B5468B00B92F7D /* doraque_delete.mp3 */; };
		3686FAB916B5468B00B92F7D /* doraque_delete.mp3 in Resources */ = {isa = PBXBuildFile; fileRef = 3686FAB716B5468B00B92F7D /* doraque_delete.mp3 */; };
		3686FABB16B548B700B92F7D /* doraque_levelup.mp3 in Resources */ = {isa = PBXBuildFile; fileRef = 3686FABA16B548B700B92F7D /* doraque_levelup.mp3 */; };
		3686FABC16B548B700B92F7D /* doraque_levelup.mp3 in Resources */ = {isa = PBXBuildFile; fileRef = 3686FABA16B548B700B92F7D /* doraque_levelup.mp3 */; };
/* End PBXBuildFile section */

/* Begin PBXFileReference section */
		3662A74516B1E23A0087DA9B /* BuildInfo.h */ = {isa = PBXFileReference; fileEncoding = 4; lastKnownFileType = sourcecode.c.h; path = BuildInfo.h; sourceTree = "<group>"; };
		3662A74616B1E23A0087DA9B /* BuildInfo.m */ = {isa = PBXFileReference; fileEncoding = 4; lastKnownFileType = sourcecode.c.objc; path = BuildInfo.m; sourceTree = "<group>"; };
		3662A7A716B3AE8E0087DA9B /* GHUnit.app */ = {isa = PBXFileReference; explicitFileType = wrapper.application; includeInIndex = 0; path = GHUnit.app; sourceTree = BUILT_PRODUCTS_DIR; };
		3662A7AE16B3AE8F0087DA9B /* GHUnit-Info.plist */ = {isa = PBXFileReference; lastKnownFileType = text.plist.xml; path = "GHUnit-Info.plist"; sourceTree = "<group>"; };
		3662A7B016B3AE8F0087DA9B /* en */ = {isa = PBXFileReference; lastKnownFileType = text.plist.strings; name = en; path = en.lproj/InfoPlist.strings; sourceTree = "<group>"; };
		3662A7B216B3AE8F0087DA9B /* main.m */ = {isa = PBXFileReference; lastKnownFileType = sourcecode.c.objc; path = main.m; sourceTree = "<group>"; };
		3662A7B416B3AE8F0087DA9B /* GHUnit-Prefix.pch */ = {isa = PBXFileReference; lastKnownFileType = sourcecode.c.h; path = "GHUnit-Prefix.pch"; sourceTree = "<group>"; };
		3662A7B816B3AE8F0087DA9B /* Default.png */ = {isa = PBXFileReference; lastKnownFileType = image.png; path = Default.png; sourceTree = "<group>"; };
		3662A7BA16B3AE8F0087DA9B /* Default@2x.png */ = {isa = PBXFileReference; lastKnownFileType = image.png; path = "Default@2x.png"; sourceTree = "<group>"; };
		3662A7BC16B3AE8F0087DA9B /* Default-568h@2x.png */ = {isa = PBXFileReference; lastKnownFileType = image.png; path = "Default-568h@2x.png"; sourceTree = "<group>"; };
		3662A7C216B3AEE30087DA9B /* GHUnitIOS.framework */ = {isa = PBXFileReference; lastKnownFileType = wrapper.framework; name = GHUnitIOS.framework; path = ../../../../../Developer/GHUnitIOS.framework; sourceTree = "<group>"; };
		3662A7C516B3AF450087DA9B /* QuartzCore.framework */ = {isa = PBXFileReference; lastKnownFileType = wrapper.framework; name = QuartzCore.framework; path = System/Library/Frameworks/QuartzCore.framework; sourceTree = SDKROOT; };
		3662A7DD16B3B8960087DA9B /* ParseResultAnalyserTest.h */ = {isa = PBXFileReference; fileEncoding = 4; lastKnownFileType = sourcecode.c.h; path = ParseResultAnalyserTest.h; sourceTree = "<group>"; };
		3662A7DE16B3B8960087DA9B /* ParseResultAnalyserTest.m */ = {isa = PBXFileReference; fileEncoding = 4; lastKnownFileType = sourcecode.c.objc; path = ParseResultAnalyserTest.m; sourceTree = "<group>"; };
		3662A7E116B3B8C40087DA9B /* ParseResultAnalyser.h */ = {isa = PBXFileReference; fileEncoding = 4; lastKnownFileType = sourcecode.c.h; path = ParseResultAnalyser.h; sourceTree = "<group>"; };
		3662A7E216B3B8C40087DA9B /* ParseResultAnalyser.m */ = {isa = PBXFileReference; fileEncoding = 4; lastKnownFileType = sourcecode.c.objc; path = ParseResultAnalyser.m; sourceTree = "<group>"; };
		3682E21716AEA20500F4A434 /* JenkinsReader.app */ = {isa = PBXFileReference; explicitFileType = wrapper.application; includeInIndex = 0; path = JenkinsReader.app; sourceTree = BUILT_PRODUCTS_DIR; };
		3682E21B16AEA20500F4A434 /* UIKit.framework */ = {isa = PBXFileReference; lastKnownFileType = wrapper.framework; name = UIKit.framework; path = System/Library/Frameworks/UIKit.framework; sourceTree = SDKROOT; };
		3682E21D16AEA20500F4A434 /* Foundation.framework */ = {isa = PBXFileReference; lastKnownFileType = wrapper.framework; name = Foundation.framework; path = System/Library/Frameworks/Foundation.framework; sourceTree = SDKROOT; };
		3682E21F16AEA20500F4A434 /* CoreGraphics.framework */ = {isa = PBXFileReference; lastKnownFileType = wrapper.framework; name = CoreGraphics.framework; path = System/Library/Frameworks/CoreGraphics.framework; sourceTree = SDKROOT; };
		3682E22316AEA20500F4A434 /* JenkinsReader-Info.plist */ = {isa = PBXFileReference; lastKnownFileType = text.plist.xml; path = "JenkinsReader-Info.plist"; sourceTree = "<group>"; };
		3682E22516AEA20500F4A434 /* en */ = {isa = PBXFileReference; lastKnownFileType = text.plist.strings; name = en; path = en.lproj/InfoPlist.strings; sourceTree = "<group>"; };
		3682E22716AEA20500F4A434 /* main.m */ = {isa = PBXFileReference; lastKnownFileType = sourcecode.c.objc; path = main.m; sourceTree = "<group>"; };
		3682E22916AEA20500F4A434 /* JenkinsReader-Prefix.pch */ = {isa = PBXFileReference; lastKnownFileType = sourcecode.c.h; path = "JenkinsReader-Prefix.pch"; sourceTree = "<group>"; };
		3682E22A16AEA20500F4A434 /* AppDelegate.h */ = {isa = PBXFileReference; lastKnownFileType = sourcecode.c.h; path = AppDelegate.h; sourceTree = "<group>"; };
		3682E22B16AEA20500F4A434 /* AppDelegate.m */ = {isa = PBXFileReference; lastKnownFileType = sourcecode.c.objc; path = AppDelegate.m; sourceTree = "<group>"; };
		3682E22D16AEA20500F4A434 /* Default.png */ = {isa = PBXFileReference; lastKnownFileType = image.png; path = Default.png; sourceTree = "<group>"; };
		3682E22F16AEA20500F4A434 /* Default@2x.png */ = {isa = PBXFileReference; lastKnownFileType = image.png; path = "Default@2x.png"; sourceTree = "<group>"; };
		3682E23116AEA20500F4A434 /* Default-568h@2x.png */ = {isa = PBXFileReference; lastKnownFileType = image.png; path = "Default-568h@2x.png"; sourceTree = "<group>"; };
		3682E23316AEA20500F4A434 /* JenkinsViewController.h */ = {isa = PBXFileReference; lastKnownFileType = sourcecode.c.h; path = JenkinsViewController.h; sourceTree = "<group>"; };
		3682E23416AEA20500F4A434 /* JenkinsViewController.m */ = {isa = PBXFileReference; lastKnownFileType = sourcecode.c.objc; path = JenkinsViewController.m; sourceTree = "<group>"; };
		3682E23716AEA20500F4A434 /* en */ = {isa = PBXFileReference; lastKnownFileType = file.xib; name = en; path = en.lproj/JenkinsViewController.xib; sourceTree = "<group>"; };
		3682E23E16AEA26500F4A434 /* SettingViewController.h */ = {isa = PBXFileReference; fileEncoding = 4; lastKnownFileType = sourcecode.c.h; path = SettingViewController.h; sourceTree = "<group>"; };
		3682E23F16AEA26500F4A434 /* SettingViewController.m */ = {isa = PBXFileReference; fileEncoding = 4; lastKnownFileType = sourcecode.c.objc; path = SettingViewController.m; sourceTree = "<group>"; };
		3682E24016AEA26500F4A434 /* SettingViewController.xib */ = {isa = PBXFileReference; fileEncoding = 4; lastKnownFileType = file.xib; path = SettingViewController.xib; sourceTree = "<group>"; };
		3682E24316AEA7D800F4A434 /* BuildResultReader.h */ = {isa = PBXFileReference; fileEncoding = 4; lastKnownFileType = sourcecode.c.h; path = BuildResultReader.h; sourceTree = "<group>"; };
		3682E24416AEA7D800F4A434 /* BuildResultReader.m */ = {isa = PBXFileReference; fileEncoding = 4; lastKnownFileType = sourcecode.c.objc; path = BuildResultReader.m; sourceTree = "<group>"; };
		3682E2B216AFF79500F4A434 /* RssReader.txt */ = {isa = PBXFileReference; fileEncoding = 4; lastKnownFileType = text; path = RssReader.txt; sourceTree = "<group>"; };
		3682E2B416AFF7B300F4A434 /* memo.txt */ = {isa = PBXFileReference; fileEncoding = 4; lastKnownFileType = text; path = memo.txt; sourceTree = "<group>"; };
		3686FAB116B53E6700B92F7D /* AudioToolbox.framework */ = {isa = PBXFileReference; lastKnownFileType = wrapper.framework; name = AudioToolbox.framework; path = System/Library/Frameworks/AudioToolbox.framework; sourceTree = SDKROOT; };
		3686FAB416B53F1600B92F7D /* AVFoundation.framework */ = {isa = PBXFileReference; lastKnownFileType = wrapper.framework; name = AVFoundation.framework; path = System/Library/Frameworks/AVFoundation.framework; sourceTree = SDKROOT; };
		3686FAB716B5468B00B92F7D /* doraque_delete.mp3 */ = {isa = PBXFileReference; lastKnownFileType = audio.mp3; path = doraque_delete.mp3; sourceTree = "<group>"; };
		3686FABA16B548B700B92F7D /* doraque_levelup.mp3 */ = {isa = PBXFileReference; lastKnownFileType = audio.mp3; path = doraque_levelup.mp3; sourceTree = "<group>"; };
/* End PBXFileReference section */

/* Begin PBXFrameworksBuildPhase section */
		3662A7A416B3AE8E0087DA9B /* Frameworks */ = {
			isa = PBXFrameworksBuildPhase;
			buildActionMask = 2147483647;
			files = (
				3686FAB616B53F1C00B92F7D /* AVFoundation.framework in Frameworks */,
				3662A7C616B3AF450087DA9B /* QuartzCore.framework in Frameworks */,
				3662A7A916B3AE8E0087DA9B /* UIKit.framework in Frameworks */,
				3662A7AA16B3AE8E0087DA9B /* Foundation.framework in Frameworks */,
				3662A7AB16B3AE8E0087DA9B /* CoreGraphics.framework in Frameworks */,
				3662A7C416B3AEE30087DA9B /* GHUnitIOS.framework in Frameworks */,
			);
			runOnlyForDeploymentPostprocessing = 0;
		};
		3682E21416AEA20500F4A434 /* Frameworks */ = {
			isa = PBXFrameworksBuildPhase;
			buildActionMask = 2147483647;
			files = (
				3686FAB516B53F1600B92F7D /* AVFoundation.framework in Frameworks */,
				3682E21C16AEA20500F4A434 /* UIKit.framework in Frameworks */,
				3682E21E16AEA20500F4A434 /* Foundation.framework in Frameworks */,
				3682E22016AEA20500F4A434 /* CoreGraphics.framework in Frameworks */,
				3662A7C316B3AEE30087DA9B /* GHUnitIOS.framework in Frameworks */,
			);
			runOnlyForDeploymentPostprocessing = 0;
		};
/* End PBXFrameworksBuildPhase section */

/* Begin PBXGroup section */
		3662A7AC16B3AE8F0087DA9B /* GHUnit */ = {
			isa = PBXGroup;
			children = (
				3662A7DD16B3B8960087DA9B /* ParseResultAnalyserTest.h */,
				3662A7DE16B3B8960087DA9B /* ParseResultAnalyserTest.m */,
				3662A7AD16B3AE8F0087DA9B /* Supporting Files */,
			);
			path = GHUnit;
			sourceTree = "<group>";
		};
		3662A7AD16B3AE8F0087DA9B /* Supporting Files */ = {
			isa = PBXGroup;
			children = (
				3662A7AE16B3AE8F0087DA9B /* GHUnit-Info.plist */,
				3662A7AF16B3AE8F0087DA9B /* InfoPlist.strings */,
				3662A7B216B3AE8F0087DA9B /* main.m */,
				3662A7B416B3AE8F0087DA9B /* GHUnit-Prefix.pch */,
				3662A7B816B3AE8F0087DA9B /* Default.png */,
				3662A7BA16B3AE8F0087DA9B /* Default@2x.png */,
				3662A7BC16B3AE8F0087DA9B /* Default-568h@2x.png */,
			);
			name = "Supporting Files";
			sourceTree = "<group>";
		};
		3682E20C16AEA20500F4A434 = {
			isa = PBXGroup;
			children = (
				3682E21A16AEA20500F4A434 /* Frameworks */,
				3662A7AC16B3AE8F0087DA9B /* GHUnit */,
				3682E22116AEA20500F4A434 /* JenkinsReader */,
				3682E21816AEA20500F4A434 /* Products */,
			);
			sourceTree = "<group>";
		};
		3682E21816AEA20500F4A434 /* Products */ = {
			isa = PBXGroup;
			children = (
				3682E21716AEA20500F4A434 /* JenkinsReader.app */,
				3662A7A716B3AE8E0087DA9B /* GHUnit.app */,
			);
			name = Products;
			sourceTree = "<group>";
		};
		3682E21A16AEA20500F4A434 /* Frameworks */ = {
			isa = PBXGroup;
			children = (
				3686FAB416B53F1600B92F7D /* AVFoundation.framework */,
				3662A7C516B3AF450087DA9B /* QuartzCore.framework */,
				3686FAB116B53E6700B92F7D /* AudioToolbox.framework */,
				3662A7C216B3AEE30087DA9B /* GHUnitIOS.framework */,
				3682E21B16AEA20500F4A434 /* UIKit.framework */,
				3682E21D16AEA20500F4A434 /* Foundation.framework */,
				3682E21F16AEA20500F4A434 /* CoreGraphics.framework */,
			);
			name = Frameworks;
			sourceTree = "<group>";
		};
		3682E22116AEA20500F4A434 /* JenkinsReader */ = {
			isa = PBXGroup;
			children = (
				3686FAAC16B53DC300B92F7D /* Resources */,
				3682E22A16AEA20500F4A434 /* AppDelegate.h */,
				3682E22B16AEA20500F4A434 /* AppDelegate.m */,
				3662A74516B1E23A0087DA9B /* BuildInfo.h */,
				3662A74616B1E23A0087DA9B /* BuildInfo.m */,
				3682E24316AEA7D800F4A434 /* BuildResultReader.h */,
				3682E24416AEA7D800F4A434 /* BuildResultReader.m */,
				3682E23316AEA20500F4A434 /* JenkinsViewController.h */,
				3682E23416AEA20500F4A434 /* JenkinsViewController.m */,
				3682E23616AEA20500F4A434 /* JenkinsViewController.xib */,
				3682E2B416AFF7B300F4A434 /* memo.txt */,
				3662A7E116B3B8C40087DA9B /* ParseResultAnalyser.h */,
				3662A7E216B3B8C40087DA9B /* ParseResultAnalyser.m */,
				3682E2B216AFF79500F4A434 /* RssReader.txt */,
				3682E23E16AEA26500F4A434 /* SettingViewController.h */,
				3682E23F16AEA26500F4A434 /* SettingViewController.m */,
				3682E24016AEA26500F4A434 /* SettingViewController.xib */,
				3682E22216AEA20500F4A434 /* Supporting Files */,
			);
			path = JenkinsReader;
			sourceTree = "<group>";
		};
		3682E22216AEA20500F4A434 /* Supporting Files */ = {
			isa = PBXGroup;
			children = (
				3682E22316AEA20500F4A434 /* JenkinsReader-Info.plist */,
				3682E22416AEA20500F4A434 /* InfoPlist.strings */,
				3682E22716AEA20500F4A434 /* main.m */,
				3682E22916AEA20500F4A434 /* JenkinsReader-Prefix.pch */,
				3682E22D16AEA20500F4A434 /* Default.png */,
				3682E22F16AEA20500F4A434 /* Default@2x.png */,
				3682E23116AEA20500F4A434 /* Default-568h@2x.png */,
			);
			name = "Supporting Files";
			sourceTree = "<group>";
		};
		3686FAAC16B53DC300B92F7D /* Resources */ = {
			isa = PBXGroup;
			children = (
				3686FABA16B548B700B92F7D /* doraque_levelup.mp3 */,
				3686FAB716B5468B00B92F7D /* doraque_delete.mp3 */,
			);
			name = Resources;
			sourceTree = "<group>";
		};
/* End PBXGroup section */

/* Begin PBXNativeTarget section */
		3662A7A616B3AE8E0087DA9B /* GHUnit */ = {
			isa = PBXNativeTarget;
			buildConfigurationList = 3662A7C016B3AE8F0087DA9B /* Build configuration list for PBXNativeTarget "GHUnit" */;
			buildPhases = (
				3662A7A316B3AE8E0087DA9B /* Sources */,
				3662A7A416B3AE8E0087DA9B /* Frameworks */,
				3662A7A516B3AE8E0087DA9B /* Resources */,
			);
			buildRules = (
			);
			dependencies = (
			);
			name = GHUnit;
			productName = GHUnit;
			productReference = 3662A7A716B3AE8E0087DA9B /* GHUnit.app */;
			productType = "com.apple.product-type.application";
		};
		3682E21616AEA20500F4A434 /* JenkinsReader */ = {
			isa = PBXNativeTarget;
			buildConfigurationList = 3682E23B16AEA20500F4A434 /* Build configuration list for PBXNativeTarget "JenkinsReader" */;
			buildPhases = (
				3682E21316AEA20500F4A434 /* Sources */,
				3682E21416AEA20500F4A434 /* Frameworks */,
				3682E21516AEA20500F4A434 /* Resources */,
			);
			buildRules = (
			);
			dependencies = (
			);
			name = JenkinsReader;
			productName = JenkinsReader;
			productReference = 3682E21716AEA20500F4A434 /* JenkinsReader.app */;
			productType = "com.apple.product-type.application";
		};
/* End PBXNativeTarget section */

/* Begin PBXProject section */
		3682E20E16AEA20500F4A434 /* Project object */ = {
			isa = PBXProject;
			attributes = {
				LastUpgradeCheck = 0450;
				ORGANIZATIONNAME = KazukiKubo;
			};
			buildConfigurationList = 3682E21116AEA20500F4A434 /* Build configuration list for PBXProject "JenkinsReader" */;
			compatibilityVersion = "Xcode 3.2";
			developmentRegion = English;
			hasScannedForEncodings = 0;
			knownRegions = (
				en,
			);
			mainGroup = 3682E20C16AEA20500F4A434;
			productRefGroup = 3682E21816AEA20500F4A434 /* Products */;
			projectDirPath = "";
			projectRoot = "";
			targets = (
				3682E21616AEA20500F4A434 /* JenkinsReader */,
				3662A7A616B3AE8E0087DA9B /* GHUnit */,
			);
		};
/* End PBXProject section */

/* Begin PBXResourcesBuildPhase section */
		3662A7A516B3AE8E0087DA9B /* Resources */ = {
			isa = PBXResourcesBuildPhase;
			buildActionMask = 2147483647;
			files = (
				3662A7B116B3AE8F0087DA9B /* InfoPlist.strings in Resources */,
				3662A7B916B3AE8F0087DA9B /* Default.png in Resources */,
				3662A7BB16B3AE8F0087DA9B /* Default@2x.png in Resources */,
				3662A7BD16B3AE8F0087DA9B /* Default-568h@2x.png in Resources */,
				3686FAB916B5468B00B92F7D /* doraque_delete.mp3 in Resources */,
				3686FABC16B548B700B92F7D /* doraque_levelup.mp3 in Resources */,
			);
			runOnlyForDeploymentPostprocessing = 0;
		};
		3682E21516AEA20500F4A434 /* Resources */ = {
			isa = PBXResourcesBuildPhase;
			buildActionMask = 2147483647;
			files = (
				3682E22616AEA20500F4A434 /* InfoPlist.strings in Resources */,
				3682E22E16AEA20500F4A434 /* Default.png in Resources */,
				3682E23016AEA20500F4A434 /* Default@2x.png in Resources */,
				3682E23216AEA20500F4A434 /* Default-568h@2x.png in Resources */,
				3682E23816AEA20500F4A434 /* JenkinsViewController.xib in Resources */,
				3682E24216AEA26500F4A434 /* SettingViewController.xib in Resources */,
				3682E2B316AFF79500F4A434 /* RssReader.txt in Resources */,
				3682E2B516AFF7B300F4A434 /* memo.txt in Resources */,
				3686FAB816B5468B00B92F7D /* doraque_delete.mp3 in Resources */,
				3686FABB16B548B700B92F7D /* doraque_levelup.mp3 in Resources */,
			);
			runOnlyForDeploymentPostprocessing = 0;
		};
/* End PBXResourcesBuildPhase section */

/* Begin PBXSourcesBuildPhase section */
		3662A7A316B3AE8E0087DA9B /* Sources */ = {
			isa = PBXSourcesBuildPhase;
			buildActionMask = 2147483647;
			files = (
				3662A7B316B3AE8F0087DA9B /* main.m in Sources */,
				3662A7DF16B3B8960087DA9B /* ParseResultAnalyserTest.m in Sources */,
				3662A7E416B3B8C40087DA9B /* ParseResultAnalyser.m in Sources */,
				3676027B16B3BF3400E821BA /* BuildResultReader.m in Sources */,
				3676027D16B3BF3900E821BA /* AppDelegate.m in Sources */,
				3676027E16B3BF3C00E821BA /* JenkinsViewController.m in Sources */,
				3676027F16B3BF3F00E821BA /* SettingViewController.m in Sources */,
				3676028016B3BF4300E821BA /* BuildInfo.m in Sources */,
			);
			runOnlyForDeploymentPostprocessing = 0;
		};
		3682E21316AEA20500F4A434 /* Sources */ = {
			isa = PBXSourcesBuildPhase;
			buildActionMask = 2147483647;
			files = (
				3682E22816AEA20500F4A434 /* main.m in Sources */,
				3682E22C16AEA20500F4A434 /* AppDelegate.m in Sources */,
				3682E23516AEA20500F4A434 /* JenkinsViewController.m in Sources */,
				3682E24116AEA26500F4A434 /* SettingViewController.m in Sources */,
				3682E24516AEA7D800F4A434 /* BuildResultReader.m in Sources */,
				3662A74716B1E23A0087DA9B /* BuildInfo.m in Sources */,
				3662A7E316B3B8C40087DA9B /* ParseResultAnalyser.m in Sources */,
			);
			runOnlyForDeploymentPostprocessing = 0;
		};
/* End PBXSourcesBuildPhase section */

/* Begin PBXVariantGroup section */
		3662A7AF16B3AE8F0087DA9B /* InfoPlist.strings */ = {
			isa = PBXVariantGroup;
			children = (
				3662A7B016B3AE8F0087DA9B /* en */,
			);
			name = InfoPlist.strings;
			sourceTree = "<group>";
		};
		3682E22416AEA20500F4A434 /* InfoPlist.strings */ = {
			isa = PBXVariantGroup;
			children = (
				3682E22516AEA20500F4A434 /* en */,
			);
			name = InfoPlist.strings;
			sourceTree = "<group>";
		};
		3682E23616AEA20500F4A434 /* JenkinsViewController.xib */ = {
			isa = PBXVariantGroup;
			children = (
				3682E23716AEA20500F4A434 /* en */,
			);
			name = JenkinsViewController.xib;
			sourceTree = "<group>";
		};
/* End PBXVariantGroup section */

/* Begin XCBuildConfiguration section */
		3662A7BE16B3AE8F0087DA9B /* Debug */ = {
			isa = XCBuildConfiguration;
			buildSettings = {
				"CODE_SIGN_IDENTITY[sdk=iphoneos*]" = "iPhone Developer";
				FRAMEWORK_SEARCH_PATHS = (
					"$(inherited)",
					"\"$(SRCROOT)/../../../../../Developer\"",
				);
				GCC_GENERATE_TEST_COVERAGE_FILES = YES;
				GCC_INSTRUMENT_PROGRAM_FLOW_ARCS = YES;
				GCC_PRECOMPILE_PREFIX_HEADER = YES;
				GCC_PREFIX_HEADER = "GHUnit/GHUnit-Prefix.pch";
				INFOPLIST_FILE = "GHUnit/GHUnit-Info.plist";
				OTHER_LDFLAGS = (
					"-all_load",
					"-ObjC",
				);
				PRODUCT_NAME = "$(TARGET_NAME)";
				WRAPPER_EXTENSION = app;
			};
			name = Debug;
		};
		3662A7BF16B3AE8F0087DA9B /* Release */ = {
			isa = XCBuildConfiguration;
			buildSettings = {
				"CODE_SIGN_IDENTITY[sdk=iphoneos*]" = "iPhone Developer";
				FRAMEWORK_SEARCH_PATHS = (
					"$(inherited)",
					"\"$(SRCROOT)/../../../../../Developer\"",
				);
				GCC_GENERATE_TEST_COVERAGE_FILES = YES;
				GCC_INSTRUMENT_PROGRAM_FLOW_ARCS = YES;
				GCC_PRECOMPILE_PREFIX_HEADER = YES;
				GCC_PREFIX_HEADER = "GHUnit/GHUnit-Prefix.pch";
				INFOPLIST_FILE = "GHUnit/GHUnit-Info.plist";
				OTHER_LDFLAGS = (
					"-all_load",
					"-ObjC",
				);
				PRODUCT_NAME = "$(TARGET_NAME)";
				WRAPPER_EXTENSION = app;
			};
			name = Release;
		};
		3682E23916AEA20500F4A434 /* Debug */ = {
			isa = XCBuildConfiguration;
			buildSettings = {
				ALWAYS_SEARCH_USER_PATHS = NO;
				CLANG_CXX_LANGUAGE_STANDARD = "gnu++0x";
				CLANG_CXX_LIBRARY = "libc++";
				CLANG_ENABLE_OBJC_ARC = YES;
				CLANG_WARN_EMPTY_BODY = YES;
				CLANG_WARN__DUPLICATE_METHOD_MATCH = YES;
				CODE_SIGN_IDENTITY = "iPhone Distribution: NEC BIGLOBE, Ltd.";
				"CODE_SIGN_IDENTITY[sdk=iphoneos*]" = "iPhone Developer";
				COPY_PHASE_STRIP = NO;
				GCC_C_LANGUAGE_STANDARD = gnu99;
				GCC_DYNAMIC_NO_PIC = NO;
				GCC_OPTIMIZATION_LEVEL = 0;
				GCC_PREPROCESSOR_DEFINITIONS = (
					"DEBUG=1",
					"$(inherited)",
				);
				GCC_SYMBOLS_PRIVATE_EXTERN = NO;
				GCC_WARN_ABOUT_RETURN_TYPE = YES;
				GCC_WARN_UNINITIALIZED_AUTOS = YES;
				GCC_WARN_UNUSED_VARIABLE = YES;
				IPHONEOS_DEPLOYMENT_TARGET = 6.0;
				ONLY_ACTIVE_ARCH = YES;
				PROVISIONING_PROFILE = "AB4908AA-434A-4E28-80D4-0243B468854E";
				SDKROOT = iphoneos;
			};
			name = Debug;
		};
		3682E23A16AEA20500F4A434 /* Release */ = {
			isa = XCBuildConfiguration;
			buildSettings = {
				ALWAYS_SEARCH_USER_PATHS = NO;
				CLANG_CXX_LANGUAGE_STANDARD = "gnu++0x";
				CLANG_CXX_LIBRARY = "libc++";
				CLANG_ENABLE_OBJC_ARC = YES;
				CLANG_WARN_EMPTY_BODY = YES;
				CLANG_WARN__DUPLICATE_METHOD_MATCH = YES;
				CODE_SIGN_IDENTITY = "iPhone Distribution: NEC BIGLOBE, Ltd.";
				"CODE_SIGN_IDENTITY[sdk=iphoneos*]" = "iPhone Developer";
				COPY_PHASE_STRIP = YES;
				GCC_C_LANGUAGE_STANDARD = gnu99;
				GCC_WARN_ABOUT_RETURN_TYPE = YES;
				GCC_WARN_UNINITIALIZED_AUTOS = YES;
				GCC_WARN_UNUSED_VARIABLE = YES;
				IPHONEOS_DEPLOYMENT_TARGET = 6.0;
				OTHER_CFLAGS = "-DNS_BLOCK_ASSERTIONS=1";
				PROVISIONING_PROFILE = "AB4908AA-434A-4E28-80D4-0243B468854E";
				SDKROOT = iphoneos;
				VALIDATE_PRODUCT = YES;
			};
			name = Release;
		};
		3682E23C16AEA20500F4A434 /* Debug */ = {
			isa = XCBuildConfiguration;
			buildSettings = {
				FRAMEWORK_SEARCH_PATHS = (
					"$(inherited)",
					"\"$(SRCROOT)/../../../../../Developer\"",
				);
				GCC_PRECOMPILE_PREFIX_HEADER = YES;
				GCC_PREFIX_HEADER = "JenkinsReader/JenkinsReader-Prefix.pch";
				INFOPLIST_FILE = "JenkinsReader/JenkinsReader-Info.plist";
				PRODUCT_NAME = "$(TARGET_NAME)";
				WRAPPER_EXTENSION = app;
			};
			name = Debug;
		};
		3682E23D16AEA20500F4A434 /* Release */ = {
			isa = XCBuildConfiguration;
			buildSettings = {
				FRAMEWORK_SEARCH_PATHS = (
					"$(inherited)",
					"\"$(SRCROOT)/../../../../../Developer\"",
				);
				GCC_PRECOMPILE_PREFIX_HEADER = YES;
				GCC_PREFIX_HEADER = "JenkinsReader/JenkinsReader-Prefix.pch";
				INFOPLIST_FILE = "JenkinsReader/JenkinsReader-Info.plist";
				PRODUCT_NAME = "$(TARGET_NAME)";
				WRAPPER_EXTENSION = app;
			};
			name = Release;
		};
/* End XCBuildConfiguration section */

/* Begin XCConfigurationList section */
		3662A7C016B3AE8F0087DA9B /* Build configuration list for PBXNativeTarget "GHUnit" */ = {
			isa = XCConfigurationList;
			buildConfigurations = (
				3662A7BE16B3AE8F0087DA9B /* Debug */,
				3662A7BF16B3AE8F0087DA9B /* Release */,
			);
			defaultConfigurationIsVisible = 0;
			defaultConfigurationName = Release;
		};
		3682E21116AEA20500F4A434 /* Build configuration list for PBXProject "JenkinsReader" */ = {
			isa = XCConfigurationList;
			buildConfigurations = (
				3682E23916AEA20500F4A434 /* Debug */,
				3682E23A16AEA20500F4A434 /* Release */,
			);
			defaultConfigurationIsVisible = 0;
			defaultConfigurationName = Release;
		};
		3682E23B16AEA20500F4A434 /* Build configuration list for PBXNativeTarget "JenkinsReader" */ = {
			isa = XCConfigurationList;
			buildConfigurations = (
				3682E23C16AEA20500F4A434 /* Debug */,
				3682E23D16AEA20500F4A434 /* Release */,
			);
			defaultConfigurationIsVisible = 0;
			defaultConfigurationName = Release;
		};
/* End XCConfigurationList section */
	};
	rootObject = 3682E20E16AEA20500F4A434 /* Project object */;
}
